
Microsoft Visual Studio Solution File, Format Version 12.00
# Visual Studio Version 17
VisualStudioVersion = 17.11.35303.130
MinimumVisualStudioVersion = 10.0.40219.1
Project("{2150E333-8FDC-42A3-9474-1A3956D46DE8}") = "Task0", "Task0", "{2E0D3459-31BC-4098-8F5C-FB2F0D00AF09}"
EndProject
Project("{9A19103F-16F7-4668-BE54-9A1E7A4F7556}") = "Tyuiu.AkhtarievaNR.Sprint0.Task0.V0", "Tyuiu.AkhtarievaNR.Sprint0.Task0.V0\Tyuiu.AkhtarievaNR.Sprint0.Task0.V0.csproj", "{FFDD6BD7-7744-4F6A-BBBB-87D6E725F0AD}"
EndProject
Project("{2150E333-8FDC-42A3-9474-1A3956D46DE8}") = "Task1", "Task1", "{B111926D-7CE9-40A8-974A-79BA34D6383F}"
EndProject
Project("{9A19103F-16F7-4668-BE54-9A1E7A4F7556}") = "Tyuiu.AkhtarievaNR.Sprint0.Task1.V0", "Tyuiu.AkhtarievaNR.Sprint0.Task1.V0\Tyuiu.AkhtarievaNR.Sprint0.Task1.V0.csproj", "{8DD8D2D9-D6AB-4B5E-8854-6716D3B572BF}"
EndProject
Project("{2150E333-8FDC-42A3-9474-1A3956D46DE8}") = "Task2", "Task2", "{CC649720-7F16-45F6-B2E1-8E26F19BBF6E}"
EndProject
Project("{9A19103F-16F7-4668-BE54-9A1E7A4F7556}") = "Tyuiu.AkhtarievaNR.Sprint0.Task2.V0", "Tyuiu.AkhtarievaNR.Sprint0.Task2.V0\Tyuiu.AkhtarievaNR.Sprint0.Task2.V0.csproj", "{0B3B7DAD-A658-45C5-ACB6-0E8799CCAB0E}"
EndProject
Project("{9A19103F-16F7-4668-BE54-9A1E7A4F7556}") = "Tyuiu.AkhtarievaNR.Sprint0.Task2.V0.Lib", "Tyuiu.AkhtarievaNR.Sprint0.Task2.V0.Lib\Tyuiu.AkhtarievaNR.Sprint0.Task2.V0.Lib.csproj", "{61024A76-CACE-46E4-9756-1142635379B7}"
EndProject
Project("{9A19103F-16F7-4668-BE54-9A1E7A4F7556}") = "Tyuiu.AkhtarievaNR.Sprint0.Task2.V0.Test", "Tyuiu.AkhtarievaNR.Sprint0.Task2.V0.Test\Tyuiu.AkhtarievaNR.Sprint0.Task2.V0.Test.csproj", "{84A1C396-0953-4FF3-A91F-C28E51EC1913}"
EndProject
Project("{2150E333-8FDC-42A3-9474-1A3956D46DE8}") = "Task3", "Task3", "{1A434666-4458-41FD-9082-52D3647387EA}"
EndProject
Project("{FAE04EC0-301F-11D3-BF4B-00C04F79EFBC}") = "Tyuiu.AkhtarievaNR.Sprint0.Task3.V0", "Tyuiu.AkhtarievaNR.Sprint0.Task3.V0\Tyuiu.AkhtarievaNR.Sprint0.Task3.V0.csproj", "{B5FA07FA-0482-4F34-A290-6F1FAC9CFAE7}"
EndProject
Project("{FAE04EC0-301F-11D3-BF4B-00C04F79EFBC}") = "Tyuiu.AkhtarievaNR.Sprint0.Task3.V0.Test", "Tyuiu.AkhtarievaNR.Sprint0.Task3.V0.Test\Tyuiu.AkhtarievaNR.Sprint0.Task3.V0.Test.csproj", "{5CA7004D-F1B6-4319-B591-AE1B55F8603C}"
EndProject
Project("{FAE04EC0-301F-11D3-BF4B-00C04F79EFBC}") = "Tyuiu.AkhtarievaNR.Sprint0.Task3.V0.Lib", "Tyuiu.AkhtarievaNR.Sprint0.Task3.V0.Lib\Tyuiu.AkhtarievaNR.Sprint0.Task3.V0.Lib.csproj", "{35B15576-556A-4262-AD08-E468176B0AD2}"
EndProject
Project("{2150E333-8FDC-42A3-9474-1A3956D46DE8}") = "Task4", "Task4", "{6E847D2F-5E83-452F-93C9-AE076AB0E51D}"
EndProject
Project("{FAE04EC0-301F-11D3-BF4B-00C04F79EFBC}") = "Tyuiu.AkhtarievaNR.Sprint0.Task4.V0", "Tyuiu.AkhtarievaNR.Sprint0.Task4.V0\Tyuiu.AkhtarievaNR.Sprint0.Task4.V0.csproj", "{F921080B-BB90-4D4D-9B78-8BF71F912DEF}"
EndProject
Project("{FAE04EC0-301F-11D3-BF4B-00C04F79EFBC}") = "Tyuiu.AkhtarievaNR.Sprint0.Task4.V0.Lib", "Tyuiu.AkhtarievaNR.Sprint0.Task4.V0.Lib\Tyuiu.AkhtarievaNR.Sprint0.Task4.V0.Lib.csproj", "{045AC982-DEA0-4BB4-A110-4DD30A5CBFAE}"
EndProject
Project("{FAE04EC0-301F-11D3-BF4B-00C04F79EFBC}") = "Tyuiu.AkhtarievaNR.Sprint0.Task4.V0.Test", "Tyuiu.AkhtarievaNR.Sprint0.Task4.V0.Test\Tyuiu.AkhtarievaNR.Sprint0.Task4.V0.Test.csproj", "{ECD8F175-184E-47CD-9DD2-365EE1EDB9DD}"
EndProject
Project("{2150E333-8FDC-42A3-9474-1A3956D46DE8}") = "Task5", "Task5", "{8D75E02D-A53A-4B57-952A-0E9EA45D543A}"
EndProject
Project("{FAE04EC0-301F-11D3-BF4B-00C04F79EFBC}") = "Tyuiu.AkhtarievaNR.Sprint0.Task5.V0.Test", "Tyuiu.AkhtarievaNR.Sprint0.Task5.V0.Test\Tyuiu.AkhtarievaNR.Sprint0.Task5.V0.Test.csproj", "{D20CAAF4-ED86-4897-B94B-5EEF1019CD1E}"
EndProject
Project("{FAE04EC0-301F-11D3-BF4B-00C04F79EFBC}") = "Tyuiu.AkhtarievaNR.Sprint0.Task5.V0.Lib", "Tyuiu.AkhtarievaNR.Sprint0.Task5.V0.Lib\Tyuiu.AkhtarievaNR.Sprint0.Task5.V0.Lib.csproj", "{DA9FD00D-B2D0-4742-B742-DD3AE3FB603B}"
EndProject
Project("{FAE04EC0-301F-11D3-BF4B-00C04F79EFBC}") = "Tyuiu.AkhtarievaNR.Sprint0.Task5.V0", "Tyuiu.AkhtarievaNR.Sprint0.Task5.V0\Tyuiu.AkhtarievaNR.Sprint0.Task5.V0.csproj", "{5BF6E599-BC1C-4F2D-8BF8-C74355C9EE92}"
EndProject
Project("{2150E333-8FDC-42A3-9474-1A3956D46DE8}") = "Task6", "Task6", "{8800A083-6B68-485F-B96F-4FD7C0E0ECCE}"
EndProject
Project("{FAE04EC0-301F-11D3-BF4B-00C04F79EFBC}") = "Tyuiu.AkhtarievaNR.Sprint0.Task6.V0", "Tyuiu.AkhtarievaNR.Sprint0.Task6.V0\Tyuiu.AkhtarievaNR.Sprint0.Task6.V0.csproj", "{CB408B91-CC67-4277-911D-6180B5AED206}"
EndProject
Project("{FAE04EC0-301F-11D3-BF4B-00C04F79EFBC}") = "Tyuiu.AkhtarievaNR.Sprint0.Task6.V0.Lib", "Tyuiu.AkhtarievaNR.Sprint0.Task6.V0.Lib\Tyuiu.AkhtarievaNR.Sprint0.Task6.V0.Lib.csproj", "{02A5405F-82F3-4D08-997A-C4B1E94EAE32}"
EndProject
Project("{FAE04EC0-301F-11D3-BF4B-00C04F79EFBC}") = "Tyuiu.AkhtarievaNR.Sprint0.Task6.V0.Test", "Tyuiu.AkhtarievaNR.Sprint0.Task6.V0.Test\Tyuiu.AkhtarievaNR.Sprint0.Task6.V0.Test.csproj", "{5034059A-C6F0-43C6-8DD4-85FD1ED3FF0F}"
EndProject
Global
	GlobalSection(SolutionConfigurationPlatforms) = preSolution
		Debug|Any CPU = Debug|Any CPU
		Release|Any CPU = Release|Any CPU
	EndGlobalSection
	GlobalSection(ProjectConfigurationPlatforms) = postSolution
		{FFDD6BD7-7744-4F6A-BBBB-87D6E725F0AD}.Debug|Any CPU.ActiveCfg = Debug|Any CPU
		{FFDD6BD7-7744-4F6A-BBBB-87D6E725F0AD}.Debug|Any CPU.Build.0 = Debug|Any CPU
		{FFDD6BD7-7744-4F6A-BBBB-87D6E725F0AD}.Release|Any CPU.ActiveCfg = Release|Any CPU
		{FFDD6BD7-7744-4F6A-BBBB-87D6E725F0AD}.Release|Any CPU.Build.0 = Release|Any CPU
		{8DD8D2D9-D6AB-4B5E-8854-6716D3B572BF}.Debug|Any CPU.ActiveCfg = Debug|Any CPU
		{8DD8D2D9-D6AB-4B5E-8854-6716D3B572BF}.Debug|Any CPU.Build.0 = Debug|Any CPU
		{8DD8D2D9-D6AB-4B5E-8854-6716D3B572BF}.Release|Any CPU.ActiveCfg = Release|Any CPU
		{8DD8D2D9-D6AB-4B5E-8854-6716D3B572BF}.Release|Any CPU.Build.0 = Release|Any CPU
		{0B3B7DAD-A658-45C5-ACB6-0E8799CCAB0E}.Debug|Any CPU.ActiveCfg = Debug|Any CPU
		{0B3B7DAD-A658-45C5-ACB6-0E8799CCAB0E}.Debug|Any CPU.Build.0 = Debug|Any CPU
		{0B3B7DAD-A658-45C5-ACB6-0E8799CCAB0E}.Release|Any CPU.ActiveCfg = Release|Any CPU
		{0B3B7DAD-A658-45C5-ACB6-0E8799CCAB0E}.Release|Any CPU.Build.0 = Release|Any CPU
		{61024A76-CACE-46E4-9756-1142635379B7}.Debug|Any CPU.ActiveCfg = Debug|Any CPU
		{61024A76-CACE-46E4-9756-1142635379B7}.Debug|Any CPU.Build.0 = Debug|Any CPU
		{61024A76-CACE-46E4-9756-1142635379B7}.Release|Any CPU.ActiveCfg = Release|Any CPU
		{61024A76-CACE-46E4-9756-1142635379B7}.Release|Any CPU.Build.0 = Release|Any CPU
		{84A1C396-0953-4FF3-A91F-C28E51EC1913}.Debug|Any CPU.ActiveCfg = Debug|Any CPU
		{84A1C396-0953-4FF3-A91F-C28E51EC1913}.Debug|Any CPU.Build.0 = Debug|Any CPU
		{84A1C396-0953-4FF3-A91F-C28E51EC1913}.Release|Any CPU.ActiveCfg = Release|Any CPU
		{84A1C396-0953-4FF3-A91F-C28E51EC1913}.Release|Any CPU.Build.0 = Release|Any CPU
		{B5FA07FA-0482-4F34-A290-6F1FAC9CFAE7}.Debug|Any CPU.ActiveCfg = Debug|Any CPU
		{B5FA07FA-0482-4F34-A290-6F1FAC9CFAE7}.Debug|Any CPU.Build.0 = Debug|Any CPU
		{B5FA07FA-0482-4F34-A290-6F1FAC9CFAE7}.Release|Any CPU.ActiveCfg = Release|Any CPU
		{B5FA07FA-0482-4F34-A290-6F1FAC9CFAE7}.Release|Any CPU.Build.0 = Release|Any CPU
		{5CA7004D-F1B6-4319-B591-AE1B55F8603C}.Debug|Any CPU.ActiveCfg = Debug|Any CPU
		{5CA7004D-F1B6-4319-B591-AE1B55F8603C}.Debug|Any CPU.Build.0 = Debug|Any CPU
		{5CA7004D-F1B6-4319-B591-AE1B55F8603C}.Release|Any CPU.ActiveCfg = Release|Any CPU
		{5CA7004D-F1B6-4319-B591-AE1B55F8603C}.Release|Any CPU.Build.0 = Release|Any CPU
		{35B15576-556A-4262-AD08-E468176B0AD2}.Debug|Any CPU.ActiveCfg = Debug|Any CPU
		{35B15576-556A-4262-AD08-E468176B0AD2}.Debug|Any CPU.Build.0 = Debug|Any CPU
		{35B15576-556A-4262-AD08-E468176B0AD2}.Release|Any CPU.ActiveCfg = Release|Any CPU
		{35B15576-556A-4262-AD08-E468176B0AD2}.Release|Any CPU.Build.0 = Release|Any CPU
		{F921080B-BB90-4D4D-9B78-8BF71F912DEF}.Debug|Any CPU.ActiveCfg = Debug|Any CPU
		{F921080B-BB90-4D4D-9B78-8BF71F912DEF}.Debug|Any CPU.Build.0 = Debug|Any CPU
		{F921080B-BB90-4D4D-9B78-8BF71F912DEF}.Release|Any CPU.ActiveCfg = Release|Any CPU
		{F921080B-BB90-4D4D-9B78-8BF71F912DEF}.Release|Any CPU.Build.0 = Release|Any CPU
		{045AC982-DEA0-4BB4-A110-4DD30A5CBFAE}.Debug|Any CPU.ActiveCfg = Debug|Any CPU
		{045AC982-DEA0-4BB4-A110-4DD30A5CBFAE}.Debug|Any CPU.Build.0 = Debug|Any CPU
		{045AC982-DEA0-4BB4-A110-4DD30A5CBFAE}.Release|Any CPU.ActiveCfg = Release|Any CPU
		{045AC982-DEA0-4BB4-A110-4DD30A5CBFAE}.Release|Any CPU.Build.0 = Release|Any CPU
		{ECD8F175-184E-47CD-9DD2-365EE1EDB9DD}.Debug|Any CPU.ActiveCfg = Debug|Any CPU
		{ECD8F175-184E-47CD-9DD2-365EE1EDB9DD}.Debug|Any CPU.Build.0 = Debug|Any CPU
		{ECD8F175-184E-47CD-9DD2-365EE1EDB9DD}.Release|Any CPU.ActiveCfg = Release|Any CPU
		{ECD8F175-184E-47CD-9DD2-365EE1EDB9DD}.Release|Any CPU.Build.0 = Release|Any CPU
		{D20CAAF4-ED86-4897-B94B-5EEF1019CD1E}.Debug|Any CPU.ActiveCfg = Debug|Any CPU
		{D20CAAF4-ED86-4897-B94B-5EEF1019CD1E}.Debug|Any CPU.Build.0 = Debug|Any CPU
		{D20CAAF4-ED86-4897-B94B-5EEF1019CD1E}.Release|Any CPU.ActiveCfg = Release|Any CPU
		{D20CAAF4-ED86-4897-B94B-5EEF1019CD1E}.Release|Any CPU.Build.0 = Release|Any CPU
		{DA9FD00D-B2D0-4742-B742-DD3AE3FB603B}.Debug|Any CPU.ActiveCfg = Debug|Any CPU
		{DA9FD00D-B2D0-4742-B742-DD3AE3FB603B}.Debug|Any CPU.Build.0 = Debug|Any CPU
		{DA9FD00D-B2D0-4742-B742-DD3AE3FB603B}.Release|Any CPU.ActiveCfg = Release|Any CPU
		{DA9FD00D-B2D0-4742-B742-DD3AE3FB603B}.Release|Any CPU.Build.0 = Release|Any CPU
		{5BF6E599-BC1C-4F2D-8BF8-C74355C9EE92}.Debug|Any CPU.ActiveCfg = Debug|Any CPU
		{5BF6E599-BC1C-4F2D-8BF8-C74355C9EE92}.Debug|Any CPU.Build.0 = Debug|Any CPU
		{5BF6E599-BC1C-4F2D-8BF8-C74355C9EE92}.Release|Any CPU.ActiveCfg = Release|Any CPU
		{5BF6E599-BC1C-4F2D-8BF8-C74355C9EE92}.Release|Any CPU.Build.0 = Release|Any CPU
		{CB408B91-CC67-4277-911D-6180B5AED206}.Debug|Any CPU.ActiveCfg = Debug|Any CPU
		{CB408B91-CC67-4277-911D-6180B5AED206}.Debug|Any CPU.Build.0 = Debug|Any CPU
		{CB408B91-CC67-4277-911D-6180B5AED206}.Release|Any CPU.ActiveCfg = Release|Any CPU
		{CB408B91-CC67-4277-911D-6180B5AED206}.Release|Any CPU.Build.0 = Release|Any CPU
		{02A5405F-82F3-4D08-997A-C4B1E94EAE32}.Debug|Any CPU.ActiveCfg = Debug|Any CPU
		{02A5405F-82F3-4D08-997A-C4B1E94EAE32}.Debug|Any CPU.Build.0 = Debug|Any CPU
		{02A5405F-82F3-4D08-997A-C4B1E94EAE32}.Release|Any CPU.ActiveCfg = Release|Any CPU
		{02A5405F-82F3-4D08-997A-C4B1E94EAE32}.Release|Any CPU.Build.0 = Release|Any CPU
		{5034059A-C6F0-43C6-8DD4-85FD1ED3FF0F}.Debug|Any CPU.ActiveCfg = Debug|Any CPU
		{5034059A-C6F0-43C6-8DD4-85FD1ED3FF0F}.Debug|Any CPU.Build.0 = Debug|Any CPU
		{5034059A-C6F0-43C6-8DD4-85FD1ED3FF0F}.Release|Any CPU.ActiveCfg = Release|Any CPU
		{5034059A-C6F0-43C6-8DD4-85FD1ED3FF0F}.Release|Any CPU.Build.0 = Release|Any CPU
	EndGlobalSection
	GlobalSection(SolutionProperties) = preSolution
		HideSolutionNode = FALSE
	EndGlobalSection
	GlobalSection(NestedProjects) = preSolution
		{B5FA07FA-0482-4F34-A290-6F1FAC9CFAE7} = {1A434666-4458-41FD-9082-52D3647387EA}
		{5CA7004D-F1B6-4319-B591-AE1B55F8603C} = {1A434666-4458-41FD-9082-52D3647387EA}
		{35B15576-556A-4262-AD08-E468176B0AD2} = {1A434666-4458-41FD-9082-52D3647387EA}
		{F921080B-BB90-4D4D-9B78-8BF71F912DEF} = {6E847D2F-5E83-452F-93C9-AE076AB0E51D}
		{045AC982-DEA0-4BB4-A110-4DD30A5CBFAE} = {6E847D2F-5E83-452F-93C9-AE076AB0E51D}
		{ECD8F175-184E-47CD-9DD2-365EE1EDB9DD} = {6E847D2F-5E83-452F-93C9-AE076AB0E51D}
		{D20CAAF4-ED86-4897-B94B-5EEF1019CD1E} = {8D75E02D-A53A-4B57-952A-0E9EA45D543A}
		{DA9FD00D-B2D0-4742-B742-DD3AE3FB603B} = {8D75E02D-A53A-4B57-952A-0E9EA45D543A}
		{5BF6E599-BC1C-4F2D-8BF8-C74355C9EE92} = {8D75E02D-A53A-4B57-952A-0E9EA45D543A}
		{CB408B91-CC67-4277-911D-6180B5AED206} = {8800A083-6B68-485F-B96F-4FD7C0E0ECCE}
		{02A5405F-82F3-4D08-997A-C4B1E94EAE32} = {8800A083-6B68-485F-B96F-4FD7C0E0ECCE}
		{5034059A-C6F0-43C6-8DD4-85FD1ED3FF0F} = {8800A083-6B68-485F-B96F-4FD7C0E0ECCE}
	EndGlobalSection
	GlobalSection(ExtensibilityGlobals) = postSolution
		SolutionGuid = {71B7F379-421F-4481-863C-D26888C1692E}
	EndGlobalSection
EndGlobal
